
Microsoft Visual Studio Solution File, Format Version 12.00
# Visual Studio 2013
VisualStudioVersion = 12.0.21005.1
MinimumVisualStudioVersion = 10.0.40219.1
Project("{FAE04EC0-301F-11D3-BF4B-00C04F79EFBC}") = "AplicacionEmpresa", "AplicacionEmpresa\AplicacionEmpresa.csproj", "{2A53C92F-C4CA-4BAB-9747-094EA5C3BCB9}"
EndProject
Project("{FAE04EC0-301F-11D3-BF4B-00C04F79EFBC}") = "CapaDatos", "CapaDatos\CapaDatos.csproj", "{CD139BBE-81A2-480B-81B3-C405E8431039}"
EndProject
Project("{FAE04EC0-301F-11D3-BF4B-00C04F79EFBC}") = "CapaNegocio", "CapaNegocio\CapaNegocio.csproj", "{3A7F9FAC-5BA2-4445-8D56-A9B875B1E736}"
EndProject
Project("{FAE04EC0-301F-11D3-BF4B-00C04F79EFBC}") = "CapaPresentacion", "CapaPresentacion\CapaPresentacion.csproj", "{83E348F3-9B76-4C27-8E1D-7898199AB704}"
EndProject
Global
	GlobalSection(SolutionConfigurationPlatforms) = preSolution
		Debug|Any CPU = Debug|Any CPU
		Release|Any CPU = Release|Any CPU
	EndGlobalSection
	GlobalSection(ProjectConfigurationPlatforms) = postSolution
		{2A53C92F-C4CA-4BAB-9747-094EA5C3BCB9}.Debug|Any CPU.ActiveCfg = Debug|Any CPU
		{2A53C92F-C4CA-4BAB-9747-094EA5C3BCB9}.Debug|Any CPU.Build.0 = Debug|Any CPU
		{2A53C92F-C4CA-4BAB-9747-094EA5C3BCB9}.Release|Any CPU.ActiveCfg = Release|Any CPU
		{2A53C92F-C4CA-4BAB-9747-094EA5C3BCB9}.Release|Any CPU.Build.0 = Release|Any CPU
		{CD139BBE-81A2-480B-81B3-C405E8431039}.Debug|Any CPU.ActiveCfg = Debug|Any CPU
		{CD139BBE-81A2-480B-81B3-C405E8431039}.Debug|Any CPU.Build.0 = Debug|Any CPU
		{CD139BBE-81A2-480B-81B3-C405E8431039}.Release|Any CPU.ActiveCfg = Release|Any CPU
		{CD139BBE-81A2-480B-81B3-C405E8431039}.Release|Any CPU.Build.0 = Release|Any CPU
		{3A7F9FAC-5BA2-4445-8D56-A9B875B1E736}.Debug|Any CPU.ActiveCfg = Debug|Any CPU
		{3A7F9FAC-5BA2-4445-8D56-A9B875B1E736}.Debug|Any CPU.Build.0 = Debug|Any CPU
		{3A7F9FAC-5BA2-4445-8D56-A9B875B1E736}.Release|Any CPU.ActiveCfg = Release|Any CPU
		{3A7F9FAC-5BA2-4445-8D56-A9B875B1E736}.Release|Any CPU.Build.0 = Release|Any CPU
		{83E348F3-9B76-4C27-8E1D-7898199AB704}.Debug|Any CPU.ActiveCfg = Debug|Any CPU
		{83E348F3-9B76-4C27-8E1D-7898199AB704}.Debug|Any CPU.Build.0 = Debug|Any CPU
		{83E348F3-9B76-4C27-8E1D-7898199AB704}.Release|Any CPU.ActiveCfg = Release|Any CPU
		{83E348F3-9B76-4C27-8E1D-7898199AB704}.Release|Any CPU.Build.0 = Release|Any CPU
	EndGlobalSection
	GlobalSection(SolutionProperties) = preSolution
		HideSolutionNode = FALSE
	EndGlobalSection
EndGlobal
